PODS:
  - Alamofire (5.4.3)
  - RxSwift (6.2.0)

DEPENDENCIES:
  - Alamofire
  - RxSwift

SPEC REPOS:
  trunk:
    - Alamofire
    - RxSwift

SPEC CHECKSUMS:
  Alamofire: e447a2774a40c996748296fa2c55112fdbbc42f9
  RxSwift: d356ab7bee873611322f134c5f9ef379fa183d8f

PODFILE CHECKSUM: 347450fb1ba9f675dd2be7ea14644922780d1e61

COCOAPODS: 1.10.1
